{
  "name": "jquery.fn.helper",
  "version": "1.1.1",
  "lockfileVersion": 1,
  "requires": true,
  "dependencies": {
    "@infotechnohelp/js.helper": {
      "version": "1.0.0",
      "resolved": "https://registry.npmjs.org/@infotechnohelp/js.helper/-/js.helper-1.0.0.tgz",
      "integrity": "sha512-6DVAtoEVm5Lj0DATALnItP9jry8BGFnm3XIR16A+/1yzG/BLFCUKSkEHOQ4EpWpKvHhn+Wk2/u+YB+cluzmlQA=="
    }
  }
}
